{
	"name": "wordcamp.org",
	"version": "1.0.0",
	"lockfileVersion": 1,
	"requires": true,
	"dependencies": {
		"@es-joy/jsdoccomment": {
			"version": "0.20.1",
			"resolved": "https://registry.npmjs.org/@es-joy/jsdoccomment/-/jsdoccomment-0.20.1.tgz",
			"integrity": "sha512-oeJK41dcdqkvdZy/HctKklJNkt/jh+av3PZARrZEl+fs/8HaHeeYoAvEwOV0u5I6bArTF17JEsTZMY359e/nfQ==",
			"dev": true,
			"requires": {
				"comment-parser": "1.3.0",
				"esquery": "^1.4.0",
				"jsdoc-type-pratt-parser": "~2.2.3"
			}
		},
		"comment-parser": {
			"version": "1.3.0",
			"resolved": "https://registry.npmjs.org/comment-parser/-/comment-parser-1.3.0.tgz",
			"integrity": "sha512-hRpmWIKgzd81vn0ydoWoyPoALEOnF4wt8yKD35Ib1D6XC2siLiYaiqfGkYrunuKdsXGwpBpHU3+9r+RVw2NZfA==",
			"dev": true
		},
		"eslint-plugin-jsdoc": {
			"version": "37.9.4",
			"resolved": "https://registry.npmjs.org/eslint-plugin-jsdoc/-/eslint-plugin-jsdoc-37.9.4.tgz",
			"integrity": "sha512-VxCyGgUNNnj2T4bb1OqltkbsPp3ehRzR5onIfh6zGrAvISmvgX/sbxUlh3YyGqWtjOTSBCURdKdmelSXEIHnlA==",
			"dev": true,
			"requires": {
				"@es-joy/jsdoccomment": "~0.20.1",
				"comment-parser": "1.3.0",
				"debug": "^4.3.3",
				"escape-string-regexp": "^4.0.0",
				"esquery": "^1.4.0",
				"regextras": "^0.8.0",
				"semver": "^7.3.5",
				"spdx-expression-parse": "^3.0.1"
			},
			"dependencies": {
				"debug": {
					"version": "4.3.3",
					"resolved": "https://registry.npmjs.org/debug/-/debug-4.3.3.tgz",
					"integrity": "sha512-/zxw5+vh1Tfv+4Qn7a5nsbcJKPaSvCDhojn6FEl9vupwK2VCSDtEiEtqr8DFtzYFOdz63LBkxec7DYuc2jon6Q==",
					"dev": true,
					"requires": {
						"ms": "2.1.2"
					}
				},
				"escape-string-regexp": {
					"version": "4.0.0",
					"resolved": "https://registry.npmjs.org/escape-string-regexp/-/escape-string-regexp-4.0.0.tgz",
					"integrity": "sha512-TtpcNJ3XAzx3Gq8sWRzJaVajRs0uVxA2YAkdb1jm2YkPz4G6egUFAyA3n5vtEIZefPk5Wa4UXbKuS5fKkJWdgA==",
					"dev": true
				},
				"ms": {
					"version": "2.1.2",
					"resolved": "https://registry.npmjs.org/ms/-/ms-2.1.2.tgz",
					"integrity": "sha512-sGkPx+VjMtmA6MX27oA4FBFELFCZZ4S4XqeGOXCv68tT+jb3vk/RyaKWP0PTKyWtmLSM0b+adUTEvbs1PEaH2w==",
					"dev": true
				}
			}
		},
		"esquery": {
			"version": "1.4.0",
			"resolved": "https://registry.npmjs.org/esquery/-/esquery-1.4.0.tgz",
			"integrity": "sha512-cCDispWt5vHHtwMY2YrAQ4ibFkAL8RbH5YGBnZBc90MolvvfkkQcJro/aZiAQUlQ3qgrYS6D6v8Gc5G5CQsc9w==",
			"dev": true,
			"requires": {
				"estraverse": "^5.1.0"
			}
		},
		"estraverse": {
			"version": "5.3.0",
			"resolved": "https://registry.npmjs.org/estraverse/-/estraverse-5.3.0.tgz",
			"integrity": "sha512-MMdARuVEQziNTeJD8DgMqmhwR11BRQ/cBP+pLtYdSTnf3MIO8fFeiINEbX36ZdNlfU/7A9f3gUw49B3oQsvwBA==",
			"dev": true
		},
		"jsdoc-type-pratt-parser": {
			"version": "2.2.3",
			"resolved": "https://registry.npmjs.org/jsdoc-type-pratt-parser/-/jsdoc-type-pratt-parser-2.2.3.tgz",
			"integrity": "sha512-QPyxq62Q8veBSDtDrWmqaEPjSCeknUV9dH/OAGt3q9an8qC8UQDqitQiw1NvoMskIESpoRZ6qzt4H3rlK0xo8A==",
			"dev": true
		},
		"lru-cache": {
			"version": "6.0.0",
			"resolved": "https://registry.npmjs.org/lru-cache/-/lru-cache-6.0.0.tgz",
			"integrity": "sha512-Jo6dJ04CmSjuznwJSS3pUeWmd/H0ffTlkXXgwZi+eq1UCmqQwCh+eLsYOYCwY991i2Fah4h1BEMCx4qThGbsiA==",
			"dev": true,
			"requires": {
				"yallist": "^4.0.0"
			}
		},
		"regextras": {
			"version": "0.8.0",
			"resolved": "https://registry.npmjs.org/regextras/-/regextras-0.8.0.tgz",
			"integrity": "sha512-k519uI04Z3SaY0fLX843MRXnDeG2+vHOFsyhiPZvNLe7r8rD2YNRjq4BQLZZ0oAr2NrtvZlICsXysGNFPGa3CQ==",
			"dev": true
		},
		"semver": {
			"version": "7.3.5",
			"resolved": "https://registry.npmjs.org/semver/-/semver-7.3.5.tgz",
			"integrity": "sha512-PoeGJYh8HK4BTO/a9Tf6ZG3veo/A7ZVsYrSA6J8ny9nb3B1VrpkuN+z9OE5wfE5p6H4LchYZsegiQgbJD94ZFQ==",
			"dev": true,
			"requires": {
				"lru-cache": "^6.0.0"
			}
		},
		"spdx-exceptions": {
			"version": "2.3.0",
			"resolved": "https://registry.npmjs.org/spdx-exceptions/-/spdx-exceptions-2.3.0.tgz",
			"integrity": "sha512-/tTrYOC7PPI1nUAgx34hUpqXuyJG+DTHJTnIULG4rDygi4xu/tfgmq1e1cIRwRzwZgo4NLySi+ricLkZkw4i5A==",
			"dev": true
		},
		"spdx-expression-parse": {
			"version": "3.0.1",
			"resolved": "https://registry.npmjs.org/spdx-expression-parse/-/spdx-expression-parse-3.0.1.tgz",
			"integrity": "sha512-cbqHunsQWnJNE6KhVSMsMeH5H/L9EpymbzqTQ3uLwNCLZ1Q481oWaofqH7nO6V07xlXwY6PhQdQ2IedWx/ZK4Q==",
			"dev": true,
			"requires": {
				"spdx-exceptions": "^2.1.0",
				"spdx-license-ids": "^3.0.0"
			}
		},
		"spdx-license-ids": {
			"version": "3.0.11",
			"resolved": "https://registry.npmjs.org/spdx-license-ids/-/spdx-license-ids-3.0.11.tgz",
			"integrity": "sha512-Ctl2BrFiM0X3MANYgj3CkygxhRmr9mi6xhejbdO960nF6EDJApTYpn0BQnDKlnNBULKiCN1n3w9EBkHK8ZWg+g==",
			"dev": true
		},
		"yallist": {
			"version": "4.0.0",
			"resolved": "https://registry.npmjs.org/yallist/-/yallist-4.0.0.tgz",
			"integrity": "sha512-3wdGidZyq5PB084XLES5TpOSRA3wjXAlIWMhum2kRcv/41Sn2emQ0dycQW4uZXLejwKvg6EsvbdlVL+FYEct7A==",
			"dev": true
		}
	}
}
